
Microsoft Visual Studio Solution File, Format Version 12.00
# Visual Studio Version 17
VisualStudioVersion = 17.9.34607.119
MinimumVisualStudioVersion = 10.0.40219.1
Project("{FAE04EC0-301F-11D3-BF4B-00C04F79EFBC}") = "FactoryPattern", "FactoryPattern\FactoryPattern.csproj", "{CC1FC998-761E-421B-997D-0448339D8653}"
EndProject
Global
	GlobalSection(SolutionConfigurationPlatforms) = preSolution
		Debug|Any CPU = Debug|Any CPU
		Release|Any CPU = Release|Any CPU
	EndGlobalSection
	GlobalSection(ProjectConfigurationPlatforms) = postSolution
		{CC1FC998-761E-421B-997D-0448339D8653}.Debug|Any CPU.ActiveCfg = Debug|Any CPU
		{CC1FC998-761E-421B-997D-0448339D8653}.Debug|Any CPU.Build.0 = Debug|Any CPU
		{CC1FC998-761E-421B-997D-0448339D8653}.Release|Any CPU.ActiveCfg = Release|Any CPU
		{CC1FC998-761E-421B-997D-0448339D8653}.Release|Any CPU.Build.0 = Release|Any CPU
	EndGlobalSection
	GlobalSection(SolutionProperties) = preSolution
		HideSolutionNode = FALSE
	EndGlobalSection
	GlobalSection(ExtensibilityGlobals) = postSolution
		SolutionGuid = {ECA87CE3-FF45-4600-804F-34C07C05194F}
	EndGlobalSection
EndGlobal
